<?xml version="1.0" encoding="utf-8"?>
<Project ToolsVersion="4.0" xmlns="http://schemas.microsoft.com/developer/msbuild/2003">
  <ItemGroup>
    <Filter Include="Source Files">
      <UniqueIdentifier>{4FC737F1-C7A5-4376-A066-2A32D752A2FF}</UniqueIdentifier>
      <Extensions>cpp;cxx;c;def</Extensions>
    </Filter>
    <Filter Include="Header Files">
      <UniqueIdentifier>{93995380-89BD-4b04-88EB-625FBE52EBFB}</UniqueIdentifier>
      <Extensions>h</Extensions>
    </Filter>
    <Filter Include="Form Files">
      <UniqueIdentifier>{99349809-55BA-4b9d-BF79-8FDBB0286EB3}</UniqueIdentifier>
      <Extensions>ui</Extensions>
    </Filter>
    <Filter Include="Resource Files">
      <UniqueIdentifier>{D9D6E242-F8AF-46E4-B9FD-80ECBC20BA3E}</UniqueIdentifier>
      <Extensions>qrc;*</Extensions>
      <ParseFiles>false</ParseFiles>
    </Filter>
    <Filter Include="Generated Files">
      <UniqueIdentifier>{71ED8ED8-ACB9-4CE9-BBE1-E00B30144E11}</UniqueIdentifier>
      <Extensions>moc;h;cpp</Extensions>
      <SourceControlFiles>False</SourceControlFiles>
    </Filter>
    <Filter Include="Generated Files\Debug">
      <UniqueIdentifier>{22bdc546-456e-4289-8165-181c5128541e}</UniqueIdentifier>
      <Extensions>cpp;moc</Extensions>
      <SourceControlFiles>False</SourceControlFiles>
    </Filter>
    <Filter Include="Generated Files\Release">
      <UniqueIdentifier>{0c1008e8-a1fc-416b-b318-d73515dc7bc9}</UniqueIdentifier>
      <Extensions>cpp;moc</Extensions>
      <SourceControlFiles>False</SourceControlFiles>
    </Filter>
    <Filter Include="UI">
      <UniqueIdentifier>{78f1b6a8-1075-4d8f-9aea-ffca22337e65}</UniqueIdentifier>
    </Filter>
    <Filter Include="Network">
      <UniqueIdentifier>{91dc1ba5-d07d-4eee-9519-1dab5277c743}</UniqueIdentifier>
    </Filter>
    <Filter Include="Rendering">
      <UniqueIdentifier>{a511c9d2-5178-4e75-9b45-0d1e7fd8f99c}</UniqueIdentifier>
    </Filter>
    <Filter Include="Rendering\Dem">
      <UniqueIdentifier>{3c8335e1-4f2f-4dab-a613-fc4123269448}</UniqueIdentifier>
    </Filter>
    <Filter Include="Rendering\Tex">
      <UniqueIdentifier>{7b7fe16a-52c7-4854-b722-05e21f9ba76f}</UniqueIdentifier>
    </Filter>
    <Filter Include="Network\Client">
      <UniqueIdentifier>{3353d22a-7226-4ece-bf07-5b7c374b9a40}</UniqueIdentifier>
    </Filter>
    <Filter Include="Network\Server">
      <UniqueIdentifier>{17b8fb50-f63d-4128-adae-cc9bdbaa7e00}</UniqueIdentifier>
    </Filter>
  </ItemGroup>
  <ItemGroup>
    <ClCompile Include="main.cpp">
      <Filter>Source Files</Filter>
    </ClCompile>
    <ClCompile Include="GeneratedFiles\Debug\moc_dv_client.cpp">
      <Filter>Generated Files\Debug</Filter>
    </ClCompile>
    <ClCompile Include="GeneratedFiles\Release\moc_dv_client.cpp">
      <Filter>Generated Files\Release</Filter>
    </ClCompile>
    <ClCompile Include="GeneratedFiles\qrc_dv_client.cpp">
      <Filter>Generated Files</Filter>
    </ClCompile>
    <ClCompile Include="dv_client.cpp">
      <Filter>UI</Filter>
    </ClCompile>
    <ClCompile Include="GeneratedFiles\Debug\moc_dvClientThread.cpp">
      <Filter>Generated Files\Debug</Filter>
    </ClCompile>
    <ClCompile Include="GeneratedFiles\Release\moc_dvClientThread.cpp">
      <Filter>Generated Files\Release</Filter>
    </ClCompile>
    <ClCompile Include="GeneratedFiles\Debug\moc_dvMinimap.cpp">
      <Filter>Generated Files\Debug</Filter>
    </ClCompile>
    <ClCompile Include="GeneratedFiles\Release\moc_dvMinimap.cpp">
      <Filter>Generated Files\Release</Filter>
    </ClCompile>
    <ClCompile Include="GeneratedFiles\Debug\moc_dvServer.cpp">
      <Filter>Generated Files\Debug</Filter>
    </ClCompile>
    <ClCompile Include="GeneratedFiles\Release\moc_dvServer.cpp">
      <Filter>Generated Files\Release</Filter>
    </ClCompile>
    <ClCompile Include="GeneratedFiles\Debug\moc_dvServerThread.cpp">
      <Filter>Generated Files\Debug</Filter>
    </ClCompile>
    <ClCompile Include="GeneratedFiles\Release\moc_dvServerThread.cpp">
      <Filter>Generated Files\Release</Filter>
    </ClCompile>
    <ClCompile Include="dvLoadTex.cpp">
      <Filter>Rendering\Tex</Filter>
    </ClCompile>
    <ClCompile Include="dvLoadDem.cpp">
      <Filter>Rendering\Dem</Filter>
    </ClCompile>
    <ClCompile Include="dvTrackball.cpp">
      <Filter>Rendering</Filter>
    </ClCompile>
    <ClCompile Include="dvRenderer.cpp">
      <Filter>Rendering</Filter>
    </ClCompile>
    <ClCompile Include="dvMinimap.cpp">
      <Filter>Rendering</Filter>
    </ClCompile>
    <ClCompile Include="dvServer.cpp">
      <Filter>Network\Server</Filter>
    </ClCompile>
    <ClCompile Include="dvServerThread.cpp">
      <Filter>Network\Server</Filter>
    </ClCompile>
    <ClCompile Include="dvClientThread.cpp">
      <Filter>Network\Client</Filter>
    </ClCompile>
    <ClCompile Include="GeneratedFiles\Debug\moc_dvRenderer.cpp">
      <Filter>Generated Files\Debug</Filter>
    </ClCompile>
    <ClCompile Include="GeneratedFiles\Release\moc_dvRenderer.cpp">
      <Filter>Generated Files\Release</Filter>
    </ClCompile>
  </ItemGroup>
  <ItemGroup>
    <CustomBuild Include="dv_client.ui">
      <Filter>Form Files</Filter>
    </CustomBuild>
    <CustomBuild Include="dv_client.qrc">
      <Filter>Resource Files</Filter>
    </CustomBuild>
    <CustomBuild Include="dv_client.h">
      <Filter>UI</Filter>
    </CustomBuild>
    <CustomBuild Include="dvMinimap.h">
      <Filter>Rendering</Filter>
    </CustomBuild>
    <CustomBuild Include="dvServer.h">
      <Filter>Network\Server</Filter>
    </CustomBuild>
    <CustomBuild Include="dvServerThread.h">
      <Filter>Network\Server</Filter>
    </CustomBuild>
    <CustomBuild Include="dvClientThread.h">
      <Filter>Network\Client</Filter>
    </CustomBuild>
    <CustomBuild Include="dvRenderer.h">
      <Filter>Rendering</Filter>
    </CustomBuild>
  </ItemGroup>
  <ItemGroup>
    <ClInclude Include="GeneratedFiles\ui_dv_client.h">
      <Filter>Generated Files</Filter>
    </ClInclude>
    <ClInclude Include="dvLoadTex.h">
      <Filter>Rendering\Tex</Filter>
    </ClInclude>
    <ClInclude Include="dvLoadDem.h">
      <Filter>Rendering\Dem</Filter>
    </ClInclude>
    <ClInclude Include="dvTrackball.h">
      <Filter>Rendering</Filter>
    </ClInclude>
    <ClInclude Include="dvCommon.h">
      <Filter>Header Files</Filter>
    </ClInclude>
    <ClInclude Include="dvServerManager.h">
      <Filter>Network\Server</Filter>
    </ClInclude>
  </ItemGroup>
</Project>